{
  "version": "5",
  "specifiers": {
    "jsr:@std/fs@^1.0.20": "1.0.20",
    "jsr:@std/internal@^1.0.12": "1.0.12",
    "jsr:@std/path@^1.1.3": "1.1.3",
    "npm:@types/cli-progress@^3.11.6": "3.11.6",
    "npm:@types/m3u8-parser@^7.2.5": "7.2.5",
    "npm:@types/node@*": "24.2.0",
    "npm:cli-progress@^3.12.0": "3.12.0",
    "npm:m3u8-parser@^7.2.0": "7.2.0",
    "npm:p-limit@^7.2.0": "7.2.0"
  },
  "jsr": {
    "@std/fs@1.0.20": {
      "integrity": "e953206aae48d46ee65e8783ded459f23bec7dd1f3879512911c35e5484ea187",
      "dependencies": [
        "jsr:@std/internal",
        "jsr:@std/path"
      ]
    },
    "@std/internal@1.0.12": {
      "integrity": "972a634fd5bc34b242024402972cd5143eac68d8dffaca5eaa4dba30ce17b027"
    },
    "@std/path@1.1.3": {
      "integrity": "b015962d82a5e6daea980c32b82d2c40142149639968549c649031a230b1afb3",
      "dependencies": [
        "jsr:@std/internal"
      ]
    }
  },
  "npm": {
    "@babel/runtime@7.28.4": {
      "integrity": "sha512-Q/N6JNWvIvPnLDvjlE1OUBLPQHH6l3CltCEsHIujp45zQUSSh8K+gHnaEX45yAT1nyngnINhvWtzN+Nb9D8RAQ==",
      "tarball": "https://registry.npmmirror.com/@babel/runtime/-/runtime-7.28.4.tgz"
    },
    "@types/cli-progress@3.11.6": {
      "integrity": "sha512-cE3+jb9WRlu+uOSAugewNpITJDt1VF8dHOopPO4IABFc3SXYL5WE/+PTz/FCdZRRfIujiWW3n3aMbv1eIGVRWA==",
      "dependencies": [
        "@types/node"
      ],
      "tarball": "https://registry.npmmirror.com/@types/cli-progress/-/cli-progress-3.11.6.tgz"
    },
    "@types/m3u8-parser@7.2.5": {
      "integrity": "sha512-e4aoWGzTV+tQRGN1CfJhp1jt5yIHW0X0Lt2rjflDh/cTXYY9nDLRehX7S5iu+gyoaqVLDletBtPcDcPcQBKaeg==",
      "tarball": "https://registry.npmmirror.com/@types/m3u8-parser/-/m3u8-parser-7.2.5.tgz"
    },
    "@types/node@24.2.0": {
      "integrity": "sha512-3xyG3pMCq3oYCNg7/ZP+E1ooTaGB4cG8JWRsqqOYQdbWNY4zbaV0Ennrd7stjiJEFZCaybcIgpTjJWHRfBSIDw==",
      "dependencies": [
        "undici-types"
      ],
      "tarball": "https://registry.npmmirror.com/@types/node/-/node-24.2.0.tgz"
    },
    "@videojs/vhs-utils@4.1.1": {
      "integrity": "sha512-5iLX6sR2ownbv4Mtejw6Ax+naosGvoT9kY+gcuHzANyUZZ+4NpeNdKMUhb6ag0acYej1Y7cmr/F2+4PrggMiVA==",
      "dependencies": [
        "@babel/runtime",
        "global"
      ],
      "tarball": "https://registry.npmmirror.com/@videojs/vhs-utils/-/vhs-utils-4.1.1.tgz"
    },
    "ansi-regex@5.0.1": {
      "integrity": "sha512-quJQXlTSUGL2LH9SUXo8VwsY4soanhgo6LNSm84E1LBcE8s3O0wpdiRzyR9z/ZZJMlMWv37qOOb9pdJlMUEKFQ==",
      "tarball": "https://registry.npmmirror.com/ansi-regex/-/ansi-regex-5.0.1.tgz"
    },
    "cli-progress@3.12.0": {
      "integrity": "sha512-tRkV3HJ1ASwm19THiiLIXLO7Im7wlTuKnvkYaTkyoAPefqjNg7W7DHKUlGRxy9vxDvbyCYQkQozvptuMkGCg8A==",
      "dependencies": [
        "string-width"
      ],
      "tarball": "https://registry.npmmirror.com/cli-progress/-/cli-progress-3.12.0.tgz"
    },
    "dom-walk@0.1.2": {
      "integrity": "sha512-6QvTW9mrGeIegrFXdtQi9pk7O/nSK6lSdXW2eqUspN5LWD7UTji2Fqw5V2YLjBpHEoU9Xl/eUWNpDeZvoyOv2w==",
      "tarball": "https://registry.npmmirror.com/dom-walk/-/dom-walk-0.1.2.tgz"
    },
    "emoji-regex@8.0.0": {
      "integrity": "sha512-MSjYzcWNOA0ewAHpz0MxpYFvwg6yjy1NG3xteoqz644VCo/RPgnr1/GGt+ic3iJTzQ8Eu3TdM14SawnVUmGE6A==",
      "tarball": "https://registry.npmmirror.com/emoji-regex/-/emoji-regex-8.0.0.tgz"
    },
    "global@4.4.0": {
      "integrity": "sha512-wv/LAoHdRE3BeTGz53FAamhGlPLhlssK45usmGFThIi4XqnBmjKQ16u+RNbP7WvigRZDxUsM0J3gcQ5yicaL0w==",
      "dependencies": [
        "min-document",
        "process"
      ],
      "tarball": "https://registry.npmmirror.com/global/-/global-4.4.0.tgz"
    },
    "is-fullwidth-code-point@3.0.0": {
      "integrity": "sha512-zymm5+u+sCsSWyD9qNaejV3DFvhCKclKdizYaJUuHA83RLjb7nSuGnddCHGv0hk+KY7BMAlsWeK4Ueg6EV6XQg==",
      "tarball": "https://registry.npmmirror.com/is-fullwidth-code-point/-/is-fullwidth-code-point-3.0.0.tgz"
    },
    "m3u8-parser@7.2.0": {
      "integrity": "sha512-CRatFqpjVtMiMaKXxNvuI3I++vUumIXVVT/JpCpdU/FynV/ceVw1qpPyyBNindL+JlPMSesx+WX1QJaZEJSaMQ==",
      "dependencies": [
        "@babel/runtime",
        "@videojs/vhs-utils",
        "global"
      ],
      "tarball": "https://registry.npmmirror.com/m3u8-parser/-/m3u8-parser-7.2.0.tgz"
    },
    "min-document@2.19.2": {
      "integrity": "sha512-8S5I8db/uZN8r9HSLFVWPdJCvYOejMcEC82VIzNUc6Zkklf/d1gg2psfE79/vyhWOj4+J8MtwmoOz3TmvaGu5A==",
      "dependencies": [
        "dom-walk"
      ],
      "tarball": "https://registry.npmmirror.com/min-document/-/min-document-2.19.2.tgz"
    },
    "p-limit@7.2.0": {
      "integrity": "sha512-ATHLtwoTNDloHRFFxFJdHnG6n2WUeFjaR8XQMFdKIv0xkXjrER8/iG9iu265jOM95zXHAfv9oTkqhrfbIzosrQ==",
      "dependencies": [
        "yocto-queue"
      ],
      "tarball": "https://registry.npmmirror.com/p-limit/-/p-limit-7.2.0.tgz"
    },
    "process@0.11.10": {
      "integrity": "sha512-cdGef/drWFoydD1JsMzuFf8100nZl+GT+yacc2bEced5f9Rjk4z+WtFUTBu9PhOi9j/jfmBPu0mMEY4wIdAF8A==",
      "tarball": "https://registry.npmmirror.com/process/-/process-0.11.10.tgz"
    },
    "string-width@4.2.3": {
      "integrity": "sha512-wKyQRQpjJ0sIp62ErSZdGsjMJWsap5oRNihHhu6G7JVO/9jIB6UyevL+tXuOqrng8j/cxKTWyWUwvSTriiZz/g==",
      "dependencies": [
        "emoji-regex",
        "is-fullwidth-code-point",
        "strip-ansi"
      ],
      "tarball": "https://registry.npmmirror.com/string-width/-/string-width-4.2.3.tgz"
    },
    "strip-ansi@6.0.1": {
      "integrity": "sha512-Y38VPSHcqkFrCpFnQ9vuSXmquuv5oXOKpGeT6aGrr3o3Gc9AlVa6JBfUSOCnbxGGZF+/0ooI7KrPuUSztUdU5A==",
      "dependencies": [
        "ansi-regex"
      ],
      "tarball": "https://registry.npmmirror.com/strip-ansi/-/strip-ansi-6.0.1.tgz"
    },
    "undici-types@7.10.0": {
      "integrity": "sha512-t5Fy/nfn+14LuOc2KNYg75vZqClpAiqscVvMygNnlsHBFpSXdJaYtXMcdNLpl/Qvc3P2cB3s6lOV51nqsFq4ag==",
      "tarball": "https://registry.npmmirror.com/undici-types/-/undici-types-7.10.0.tgz"
    },
    "yocto-queue@1.2.2": {
      "integrity": "sha512-4LCcse/U2MHZ63HAJVE+v71o7yOdIe4cZ70Wpf8D/IyjDKYQLV5GD46B+hSTjJsvV5PztjvHoU580EftxjDZFQ==",
      "tarball": "https://registry.npmmirror.com/yocto-queue/-/yocto-queue-1.2.2.tgz"
    }
  },
  "workspace": {
    "dependencies": [
      "jsr:@std/fs@^1.0.20",
      "jsr:@std/path@^1.1.3",
      "npm:@types/cli-progress@^3.11.6",
      "npm:@types/m3u8-parser@^7.2.5",
      "npm:cli-progress@^3.12.0",
      "npm:m3u8-parser@^7.2.0",
      "npm:p-limit@^7.2.0"
    ]
  }
}
